version = 1
revision = 3
requires-python = "==3.12.*"
resolution-markers = [
    "platform_machine == 'x86_64' and sys_platform == 'linux'",
]
supported-markers = [
    "platform_machine == 'x86_64' and sys_platform == 'linux'",
]

[[package]]
name = "annotated-doc"
version = "0.0.5"
source = { registry = "https://pypi.org/simple" }
sdist = { url = "https://files.pythonhosted.org/packages/5a/8e/38aa427ed5402449e226975b649c5dc73ccadfefeb95e6aecb8f8ea4b6b6/annotated_doc-0.0.5.tar.gz", hash = "sha256:c7e58ce09192557605d8bbd92836d7e1d520ac9580096042c0bfd197efacf1bb", size = 10758, upload-time = "2026-07-28T13:50:58.129Z" }
wheels = [
    { url = "https://files.pythonhosted.org/packages/3e/30/e900b21425a860e195f32e37657aa1f7c7f2b1bfb26f03ca209b90933c06/annotated_doc-0.0.5-py3-none-any.whl", hash = "sha256:117bac03a25ede5df5440e855b32d556049ca169ead221505badf432fed4b101", size = 5302, upload-time = "2026-07-28T13:50:57.239Z" },
]

[[package]]
name = "annotated-types"
version = "0.8.0"
source = { registry = "https://pypi.org/simple" }
sdist = { url = "https://files.pythonhosted.org/packages/5f/56/a8120250d128bed162cd73c76d45f6ef9991f3e068f62a8ee060afa3104a/annotated_types-0.8.0.tar.gz", hash = "sha256:13b2beaad985e05e2d6407ee4c4f35590b11f8d693a258a561055cac8f64cab7", size = 15893, upload-time = "2026-07-23T20:16:13.995Z" }
wheels = [
    { url = "https://files.pythonhosted.org/packages/99/91/8acff4f5e50511b911bbccb72b8628a49c68ce14148cd9f6431094859a90/annotated_types-0.8.0-py3-none-any.whl", hash = "sha256:f072f4d804ea359e4eaf198b1af7a8b0943881a87f31bb764f8bf219bb9419e0", size = 13427, upload-time = "2026-07-23T20:16:12.938Z" },
]

[[package]]
name = "anyio"
version = "4.15.1"
source = { registry = "https://pypi.org/simple" }
dependencies = [
    { name = "idna" },
    { name = "typing-extensions" },
]
sdist = { url = "https://files.pythonhosted.org/packages/a9/d2/f4d173e22df740bc37b1db102b386ba719b66e95b0f0d751f556b387e6d2/anyio-4.15.1.tar.gz", hash = "sha256:9f28306018cbd6d329e64a36d58256edff76dd996fe423bc957326e578b82a94", size = 276966, upload-time = "2026-09-05T10:42:39.44Z" }
wheels = [
    { url = "https://files.pythonhosted.org/packages/12/b8/4bd346e22b28902df4d651910f5242c28d84e4a5c2435ca5c3f797ed7e2e/anyio-4.15.1-py3-none-any.whl", hash = "sha256:6152fdbbf9a77fdec97731721bebf7c4c44f7c29b424b0065826173efc7ed101", size = 132079, upload-time = "2026-09-05T10:42:37.923Z" },
]

[[package]]
name = "attrs"
version = "26.1.0"
source = { registry = "https://pypi.org/simple" }
sdist = { url = "https://files.pythonhosted.org/packages/9a/8e/82a0fe20a541c03148528be8cac2408564a6c9a0cc7e9171802bc1d26985/attrs-26.1.0.tar.gz", hash = "sha256:d03ceb89cb322a8fd706d4fb91940737b6642aa36998fe130a9bc96c985eff32", size = 952055, upload-time = "2026-03-19T14:22:25.026Z" }
wheels = [
    { url = "https://files.pythonhosted.org/packages/64/b4/17d4b0b2a2dc85a6df63d1157e028ed19f90d4cd97c36717afef2bc2f395/attrs-26.1.0-py3-none-any.whl", hash = "sha256:c647aa4a12dfbad9333ca4e71fe62ddc36f4e63b2d260a37a8b83d2f043ac309", size = 67548, upload-time = "2026-03-19T14:22:23.645Z" },
]

[[package]]
name = "certifi"
version = "2026.7.22"
source = { registry = "https://pypi.org/simple" }
sdist = { url = "https://files.pythonhosted.org/packages/a3/c2/24167ea9858356b47a87a50d39908bfdb72ceeefe0041586e704e5376b3a/certifi-2026.7.22.tar.gz", hash = "sha256:741e2c3b351ddf169a738da9f2c048608ff7f2c5cc02f1ebc6b118bb090d5d55", size = 138112, upload-time = "2026-07-22T03:35:12.644Z" }
wheels = [
    { url = "https://files.pythonhosted.org/packages/0b/a7/71ac2cff56fec219ed242bb11b8efb69fcc4bec75db06fb7bfe35de520e6/certifi-2026.7.22-py3-none-any.whl", hash = "sha256:62f22742b58a1a33014a2b6b706588a8d7e2a88ae7bd1a6ebe8c992928483775", size = 136983, upload-time = "2026-07-22T03:35:11.276Z" },
]

[[package]]
name = "cffi"
version = "2.1.1"
source = { registry = "https://pypi.org/simple" }
dependencies = [
    { name = "pycparser", marker = "implementation_name != 'PyPy'" },
]
sdist = { url = "https://files.pythonhosted.org/packages/9e/ef/008a1939e372c06329a3fce4279c02f328488f3526744906eeec3da7ad5f/cffi-2.1.1.tar.gz", hash = "sha256:dd31f52ea1086513bb9df30f8fcee9b8918323ae067a3d5b78bc826a000712be", size = 530807, upload-time = "2026-08-03T21:21:18.939Z" }
wheels = [
    { url = "https://files.pythonhosted.org/packages/b1/db/dceb9dd5b231e1da801793f8acc9f3c52a7e1afe40bb1aae37e02b0faad5/cffi-2.1.1-cp312-cp312-manylinux2014_x86_64.manylinux_2_17_x86_64.whl", hash = "sha256:c1453022f490d2459a11819d83ad1d586e9ff65a12ac3e705ffebd46d3685dcf", size = 221822, upload-time = "2026-08-03T21:19:52.054Z" },
    { url = "https://files.pythonhosted.org/packages/cb/52/3fa190537004dd7f0ab860a6dc7c0175b8667f68d1e618a46f5498d30250/cffi-2.1.1-cp312-cp312-musllinux_1_2_x86_64.whl", hash = "sha256:210019b6c7cf07f081b4c54635c8cf744377001350e29cc0f81c4377b4797735", size = 223597, upload-time = "2026-08-03T21:19:54.515Z" },
]

[[package]]
name = "click"
version = "8.5.0"
source = { registry = "https://pypi.org/simple" }
sdist = { url = "https://files.pythonhosted.org/packages/c7/0e/7fa0ef50764b67090eca4114772a2abf8b6148198475e54c660b97caeee6/click-8.5.0.tar.gz", hash = "sha256:ba0d2089de75ea0310e2dde03160e6ca10009947fb95a182f9b54021bb272e34", size = 382235, upload-time = "2026-08-26T13:33:14.56Z" }
wheels = [
    { url = "https://files.pythonhosted.org/packages/58/50/6c0d534c5f134586a8e1ba4e330569e32f057e33372ae556463212fb4cd3/click-8.5.0-py3-none-any.whl", hash = "sha256:255bc9599cf7748b4b1a446ccc735421bd08a2ae529a8b88597d3de5664ee360", size = 125251, upload-time = "2026-08-26T13:33:12.928Z" },
]

[[package]]
name = "cryptography"
version = "50.0.2"
source = { registry = "https://pypi.org/simple" }
dependencies = [
    { name = "cffi", marker = "platform_python_implementation != 'PyPy'" },
]
sdist = { url = "https://files.pythonhosted.org/packages/9d/af/182eb91b0df3fe75c4d9f26fe70684569566745f6ba7e5c9c73a862c5252/cryptography-50.0.2.tar.gz", hash = "sha256:7b46165bb56eb4704e2eaaf86f3c940d19154535d9b0ca7d6d590b04060e00d5", size = 880623, upload-time = "2026-09-30T15:30:04.884Z" }
wheels = [
    { url = "https://files.pythonhosted.org/packages/21/69/64cef1f702bf6657e0cc186ed1a2891d50d29fb41586b254e1c07adea261/cryptography-50.0.2-cp311-abi3-manylinux2014_x86_64.manylinux_2_17_x86_64.whl", hash = "sha256:630ebfea3bf689d075f82316324ff7433dc447fe6bc1bfc76524b74b4a9567d2", size = 4719841, upload-time = "2026-09-30T14:43:49.01Z" },
    { url = "https://files.pythonhosted.org/packages/1a/f1/b474e930c4d910328780e3940da76f5aa5cbc48ce1fc14e44d239d9ea9db/cryptography-50.0.2-cp311-abi3-manylinux_2_28_x86_64.whl", hash = "sha256:4061c0079120205fb760c58acab6443e217307dcf05e3702cf970e0689972856", size = 4753050, upload-time = "2026-09-30T14:43:55.272Z" },
    { url = "https://files.pythonhosted.org/packages/d3/69/2c833a049475e0a3444e94c7d0aca0aa51d166374a449b09e92ac98138de/cryptography-50.0.2-cp311-abi3-manylinux_2_34_x86_64.whl", hash = "sha256:9dab55f57c74c3cad24c323bacbbd04be4705ba6eb0d92e920b1fc4837ed5079", size = 4752576, upload-time = "2026-09-30T14:44:04.545Z" },
    { url = "https://files.pythonhosted.org/packages/68/e3/f2298d3bb55e0c4a91841ec4d01b3f020ba8c5fbf15ccdcc6dcf03f97025/cryptography-50.0.2-cp311-abi3-musllinux_1_2_x86_64.whl", hash = "sha256:85d0d9a31b9098e98534226d5686b47264b95e62ce459dc2e62fdfc809f9fe93", size = 5030152, upload-time = "2026-09-30T14:44:09.443Z" },
    { url = "https://files.pythonhosted.org/packages/aa/a4/2c8d734e43d97f0842ee9f1b7b4bfb3d0cf5e19edebf43c2afe6675c2320/cryptography-50.0.2-cp315-abi3.abi3t-manylinux2014_x86_64.manylinux_2_17_x86_64.whl", hash = "sha256:f2f9bd7f90c64fe89253f0a2c05e3c4856072660429ce8831b4235bf29403a67", size = 4966465, upload-time = "2026-09-30T14:44:45.769Z" },
    { url = "https://files.pythonhosted.org/packages/02/a8/8df951850d6b31d2a00218f19e2b3f999523437ed7a819df7fa427942fca/cryptography-50.0.2-cp315-abi3.abi3t-manylinux_2_28_x86_64.whl", hash = "sha256:58a0c478eeca76fe5e07993c5a0703def34a6dc6a0cda4f5564639b33112ffe7", size = 5001199, upload-time = "2026-09-30T14:44:53.379Z" },
    { url = "https://files.pythonhosted.org/packages/24/95/83378121ef3eaaaf71d4b781577ff794acb39b9e1b87a3f156898c8497ed/cryptography-50.0.2-cp315-abi3.abi3t-manylinux_2_34_x86_64.whl", hash = "sha256:e105ab60406787da31fccc883fc0f733af1efd78f0136a4599692c4083a73d0c", size = 5000859, upload-time = "2026-09-30T14:45:05.009Z" },
    { url = "https://files.pythonhosted.org/packages/d4/be/688367b74de86984bd58d8efacfc7c9e68b89a6a22ced0fb4f38db50254a/cryptography-50.0.2-cp315-abi3.abi3t-musllinux_1_2_x86_64.whl", hash = "sha256:c71be1cbfa5cd9a41ee452acf1eccd82b2c05950358b106ec8ceb83411d1a020", size = 5286120, upload-time = "2026-09-30T15:29:18.309Z" },
    { url = "https://files.pythonhosted.org/packages/bf/f1/1c1f6874e8550cfddd4b688ceb38cefb6ed15ceed224d56f133f3d88c214/cryptography-50.0.2-cp39-abi3-manylinux2014_x86_64.manylinux_2_17_x86_64.whl", hash = "sha256:ee247f5c245c9a2fe7c8e2214e295918838e44e00a45a6718451e4004219e767", size = 4749145, upload-time = "2026-09-30T15:29:26.807Z" },
    { url = "https://files.pythonhosted.org/packages/4f/87/ef344a9e616871f2519c22d6afcda79ddd5d35e9592d95eb6e677608d055/cryptography-50.0.2-cp39-abi3-manylinux_2_28_x86_64.whl", hash = "sha256:f21e8a22c8605750c7af886bab299a363721264061b4ac0a30efb73cfd58efc5", size = 4781387, upload-time = "2026-09-30T15:29:32.605Z" },
    { url = "https://files.pythonhosted.org/packages/40/cf/6b5c8e2fd9202d98988ab7cb5cc5c991704c4ad55f492ff408e4969f83f1/cryptography-50.0.2-cp39-abi3-manylinux_2_34_x86_64.whl", hash = "sha256:1981f1db4630889b9ef7803fadef12b056f428cb6b85c27ba57b774793b6093c", size = 4780973, upload-time = "2026-09-30T15:29:41.251Z" },
    { url = "https://files.pythonhosted.org/packages/d4/aa/f3f6e0de7e6253b8baa8b2d8fb9d50924fa75cee3d4624bd4bc1208ee923/cryptography-50.0.2-cp39-abi3-musllinux_1_2_x86_64.whl", hash = "sha256:ce47f66801c20ec6c6632453bb5960fe38939e9306970b48b3a5a26de7745d94", size = 5058280, upload-time = "2026-09-30T15:29:44.827Z" },
]

[[package]]
name = "fastapi"
version = "0.142.2"
source = { registry = "https://pypi.org/simple" }
dependencies = [
    { name = "annotated-doc" },
    { name = "opentelemetry-api" },
    { name = "pydantic" },
    { name = "starlette" },
    { name = "typing-extensions" },
    { name = "typing-inspection" },
]
sdist = { url = "https://files.pythonhosted.org/packages/56/4f/f7c30a73127e0a8bbffe788369b8359e530b01ae06e2757936fa35bc5e6d/fastapi-0.142.2.tar.gz", hash = "sha256:06366626f2e70576367714d9ab2fe8472e6c8456dba69b399f9f797ab5e92570", size = 466721, upload-time = "2026-09-30T09:51:11.277Z" }
wheels = [
    { url = "https://files.pythonhosted.org/packages/a0/b6/78aaf9141fb46742928c113f3cf6ef2259d538cb02b604b7656c1dc9883c/fastapi-0.142.2-py3-none-any.whl", hash = "sha256:bd5f4d81f1e93a88bcd77caf4dfe3c2dbffc3805407a0007e9a114c18b3a670b", size = 144409, upload-time = "2026-09-30T09:51:09.8Z" },
]

[[package]]
name = "h11"
version = "0.16.0"
source = { registry = "https://pypi.org/simple" }
sdist = { url = "https://files.pythonhosted.org/packages/01/ee/02a2c011bdab74c6fb3c75474d40b3052059d95df7e73351460c8588d963/h11-0.16.0.tar.gz", hash = "sha256:4e35b956cf45792e4caa5885e69fba00bdbc6ffafbfa020300e549b208ee5ff1", size = 101250, upload-time = "2025-04-24T03:35:25.427Z" }
wheels = [
    { url = "https://files.pythonhosted.org/packages/04/4b/29cac41a4d98d144bf5f6d33995617b185d14b22401f75ca86f384e87ff1/h11-0.16.0-py3-none-any.whl", hash = "sha256:63cf8bbe7522de3bf65932fda1d9c2772064ffb3dae62d55932da54b31cb6c86", size = 37515, upload-time = "2025-04-24T03:35:24.344Z" },
]

[[package]]
name = "httpcore"
version = "1.0.9"
source = { registry = "https://pypi.org/simple" }
dependencies = [
    { name = "certifi" },
    { name = "h11" },
]
sdist = { url = "https://files.pythonhosted.org/packages/06/94/82699a10bca87a5556c9c59b5963f2d039dbd239f25bc2a63907a05a14cb/httpcore-1.0.9.tar.gz", hash = "sha256:6e34463af53fd2ab5d807f399a9b45ea31c3dfa2276f15a2c3f00afff6e176e8", size = 85484, upload-time = "2025-04-24T22:06:22.219Z" }
wheels = [
    { url = "https://files.pythonhosted.org/packages/7e/f5/f66802a942d491edb555dd61e3a9961140fd64c90bce1eafd741609d334d/httpcore-1.0.9-py3-none-any.whl", hash = "sha256:2d400746a40668fc9dec9810239072b40b4484b640a8c38fd654a024c7a1bf55", size = 78784, upload-time = "2025-04-24T22:06:20.566Z" },
]

[[package]]
name = "httpx"
version = "0.28.1"
source = { registry = "https://pypi.org/simple" }
dependencies = [
    { name = "anyio" },
    { name = "certifi" },
    { name = "httpcore" },
    { name = "idna" },
]
sdist = { url = "https://files.pythonhosted.org/packages/b1/df/48c586a5fe32a0f01324ee087459e112ebb7224f646c0b5023f5e79e9956/httpx-0.28.1.tar.gz", hash = "sha256:75e98c5f16b0f35b567856f597f06ff2270a374470a5c2392242528e3e3e42fc", size = 141406, upload-time = "2024-12-06T15:37:23.222Z" }
wheels = [
    { url = "https://files.pythonhosted.org/packages/2a/39/e50c7c3a983047577ee07d2a9e53faf5a69493943ec3f6a384bdc792deb2/httpx-0.28.1-py3-none-any.whl", hash = "sha256:d909fcccc110f8c7faf814ca82a9a4d816bc5a6dbfea25d6591d6985b8ba59ad", size = 73517, upload-time = "2024-12-06T15:37:21.509Z" },
]

[[package]]
name = "httpx-sse"
version = "0.4.3"
source = { registry = "https://pypi.org/simple" }
sdist = { url = "https://files.pythonhosted.org/packages/0f/4c/751061ffa58615a32c31b2d82e8482be8dd4a89154f003147acee90f2be9/httpx_sse-0.4.3.tar.gz", hash = "sha256:9b1ed0127459a66014aec3c56bebd93da3c1bc8bb6618c8082039a44889a755d", size = 15943, upload-time = "2025-10-10T21:48:22.271Z" }
wheels = [
    { url = "https://files.pythonhosted.org/packages/d2/fd/6668e5aec43ab844de6fc74927e155a3b37bf40d7c3790e49fc0406b6578/httpx_sse-0.4.3-py3-none-any.whl", hash = "sha256:0ac1c9fe3c0afad2e0ebb25a934a59f4c7823b60792691f779fad2c5568830fc", size = 8960, upload-time = "2025-10-10T21:48:21.158Z" },
]

[[package]]
name = "idna"
version = "3.20"
source = { registry = "https://pypi.org/simple" }
sdist = { url = "https://files.pythonhosted.org/packages/f5/08/8eea9d4b8302028f3abb2c0813953f7aec26d33b7a8960ed760e65ff29fa/idna-3.20.tar.gz", hash = "sha256:a7db850025b95ded1eae8a46181a1a6c56c92c96f0e2b005d9ff8dc0210cab44", size = 216463, upload-time = "2026-09-17T14:11:04.752Z" }
wheels = [
    { url = "https://files.pythonhosted.org/packages/58/a2/bb081bab032533a855d44de1d56f8e8426114ff1ba5d1f07a438a0a654f8/idna-3.20-py3-none-any.whl", hash = "sha256:ab7ae7122974553370f0bdb919e1a960b2cd1bc1ef0276416d896db81c14582c", size = 69583, upload-time = "2026-09-17T14:11:03.168Z" },
]

[[package]]
name = "iniconfig"
version = "2.3.0"
source = { registry = "https://pypi.org/simple" }
sdist = { url = "https://files.pythonhosted.org/packages/72/34/14ca021ce8e5dfedc35312d08ba8bf51fdd999c576889fc2c24cb97f4f10/iniconfig-2.3.0.tar.gz", hash = "sha256:c76315c77db068650d49c5b56314774a7804df16fee4402c1f19d6d15d8c4730", size = 20503, upload-time = "2025-10-18T21:55:43.219Z" }
wheels = [
    { url = "https://files.pythonhosted.org/packages/cb/b1/3846dd7f199d53cb17f49cba7e651e9ce294d8497c8c150530ed11865bb8/iniconfig-2.3.0-py3-none-any.whl", hash = "sha256:f631c04d2c48c52b84d0d0549c99ff3859c98df65b3101406327ecc7d53fbf12", size = 7484, upload-time = "2025-10-18T21:55:41.639Z" },
]

[[package]]
name = "jsonschema"
version = "4.26.0"
source = { registry = "https://pypi.org/simple" }
dependencies = [
    { name = "attrs" },
    { name = "jsonschema-specifications" },
    { name = "referencing" },
    { name = "rpds-py" },
]
sdist = { url = "https://files.pythonhosted.org/packages/b3/fc/e067678238fa451312d4c62bf6e6cf5ec56375422aee02f9cb5f909b3047/jsonschema-4.26.0.tar.gz", hash = "sha256:0c26707e2efad8aa1bfc5b7ce170f3fccc2e4918ff85989ba9ffa9facb2be326", size = 366583, upload-time = "2026-01-07T13:41:07.246Z" }
wheels = [
    { url = "https://files.pythonhosted.org/packages/69/90/f63fb5873511e014207a475e2bb4e8b2e570d655b00ac19a9a0ca0a385ee/jsonschema-4.26.0-py3-none-any.whl", hash = "sha256:d489f15263b8d200f8387e64b4c3a75f06629559fb73deb8fdfb525f2dab50ce", size = 90630, upload-time = "2026-01-07T13:41:05.306Z" },
]

[[package]]
name = "jsonschema-specifications"
version = "2025.9.1"
source = { registry = "https://pypi.org/simple" }
dependencies = [
    { name = "referencing" },
]
sdist = { url = "https://files.pythonhosted.org/packages/19/74/a633ee74eb36c44aa6d1095e7cc5569bebf04342ee146178e2d36600708b/jsonschema_specifications-2025.9.1.tar.gz", hash = "sha256:b540987f239e745613c7a9176f3edb72b832a4ac465cf02712288397832b5e8d", size = 32855, upload-time = "2025-09-08T01:34:59.186Z" }
wheels = [
    { url = "https://files.pythonhosted.org/packages/41/45/1a4ed80516f02155c51f51e8cedb3c1902296743db0bbc66608a0db2814f/jsonschema_specifications-2025.9.1-py3-none-any.whl", hash = "sha256:98802fee3a11ee76ecaca44429fda8a41bff98b00a0f2838151b113f210cc6fe", size = 18437, upload-time = "2025-09-08T01:34:57.871Z" },
]

[[package]]
name = "materialx"
version = "1.39.5"
source = { registry = "https://pypi.org/simple" }
sdist = { url = "https://files.pythonhosted.org/packages/55/83/06e1343c91e2bb201a639dbe89092d1581f6aa1be863c71a28dbc0502bb6/materialx-1.39.5.tar.gz", hash = "sha256:e6d4da032bce6fd782ec91fe898866b80cf988103c7d70e7d530404f45f5644c", size = 9459034, upload-time = "2026-05-22T19:46:40.661Z" }
wheels = [
    { url = "https://files.pythonhosted.org/packages/de/8d/30bca836e6de2ab468e28254d1d42e4b9a32f517eb0ef00538569578bac7/materialx-1.39.5-cp312-cp312-manylinux_2_27_x86_64.manylinux_2_28_x86_64.whl", hash = "sha256:897c5a5df9068cc50b966e4bcda63fb71d03b79c453dcf5b62b3d16a5b3369ce", size = 10654892, upload-time = "2026-05-22T19:46:17.3Z" },
]

[[package]]
name = "mcp"
version = "1.30.0"
source = { registry = "https://pypi.org/simple" }
dependencies = [
    { name = "anyio" },
    { name = "httpx" },
    { name = "httpx-sse" },
    { name = "jsonschema" },
    { name = "pydantic" },
    { name = "pydantic-settings" },
    { name = "pyjwt", extra = ["crypto"] },
    { name = "python-multipart" },
    { name = "sse-starlette" },
    { name = "starlette" },
    { name = "typing-extensions" },
    { name = "typing-inspection" },
    { name = "uvicorn" },
]
sdist = { url = "https://files.pythonhosted.org/packages/ba/93/0142dc84a666daf8ad51a34268f34c12fd6fda4f3810c4be2504eecc8212/mcp-1.30.0.tar.gz", hash = "sha256:445414625fce5c295faa505bb11bacece661ab6f4028d57c935db57820b7a3e4", size = 680511, upload-time = "2026-09-07T14:34:15.845Z" }
wheels = [
    { url = "https://files.pythonhosted.org/packages/f5/f4/e58bc33317c92a0203664daaf00bf6f41166cc0149e5d6870a03f7cd004a/mcp-1.30.0-py3-none-any.whl", hash = "sha256:666edb5009503e1047c9d60346a756f94b261f05cc2625f23d41c728ffc484d0", size = 234581, upload-time = "2026-09-07T14:34:14.266Z" },
]

[[package]]
name = "numpy"
version = "2.2.6"
source = { registry = "https://pypi.org/simple" }
sdist = { url = "https://files.pythonhosted.org/packages/76/21/7d2a95e4bba9dc13d043ee156a356c0a8f0c6309dff6b21b4d71a073b8a8/numpy-2.2.6.tar.gz", hash = "sha256:e29554e2bef54a90aa5cc07da6ce955accb83f21ab5de01a62c8478897b264fd", size = 20276440, upload-time = "2025-05-17T22:38:04.611Z" }
wheels = [
    { url = "https://files.pythonhosted.org/packages/8c/3d/1e1db36cfd41f895d266b103df00ca5b3cbe965184df824dec5c08c6b803/numpy-2.2.6-cp312-cp312-manylinux_2_17_x86_64.manylinux2014_x86_64.whl", hash = "sha256:fd83c01228a688733f1ded5201c678f0c53ecc1006ffbc404db9f7a899ac6249", size = 16527618, upload-time = "2025-05-17T21:36:06.711Z" },
    { url = "https://files.pythonhosted.org/packages/b7/25/5761d832a81df431e260719ec45de696414266613c9ee268394dd5ad8236/numpy-2.2.6-cp312-cp312-musllinux_1_2_x86_64.whl", hash = "sha256:fe27749d33bb772c80dcd84ae7e8df2adc920ae8297400dabec45f0dedb3f6de", size = 18313783, upload-time = "2025-05-17T21:36:56.883Z" },
]

[[package]]
name = "omnilab"
version = "0.1.0"
source = { editable = "." }
dependencies = [
    { name = "materialx" },
    { name = "numpy" },
    { name = "openimageio" },
    { name = "pillow" },
    { name = "pyside6-essentials" },
    { name = "usd-core" },
]

[package.optional-dependencies]
dev = [
    { name = "pytest" },
]
mcp = [
    { name = "mcp" },
]
ovui = [
    { name = "ovui" },
    { name = "ovui-data-adapters-common" },
    { name = "ovui-data-adapters-openusd" },
    { name = "ovui-data-adapters-services" },
    { name = "ovui-widgets-common" },
    { name = "ovui-widgets-content" },
    { name = "ovui-widgets-property" },
    { name = "ovui-widgets-stage" },
]
ovui-qa = [
    { name = "fastapi" },
    { name = "httpx" },
    { name = "python-multipart" },
    { name = "uvicorn" },
]
rtx = [
    { name = "ovrtx" },
    { name = "ovstage" },
]

[package.metadata]
requires-dist = [
    { name = "fastapi", marker = "extra == 'ovui-qa'", specifier = "==0.142.2" },
    { name = "httpx", marker = "extra == 'ovui-qa'", specifier = "==0.28.1" },
    { name = "materialx", specifier = "==1.39.5" },
    { name = "mcp", marker = "extra == 'mcp'", specifier = "==1.30.0" },
    { name = "numpy", specifier = "==2.2.6" },
    { name = "openimageio", specifier = "==3.1.18.0" },
    { name = "ovrtx", marker = "extra == 'rtx'", specifier = "==0.5.0.377615" },
    { name = "ovstage", marker = "extra == 'rtx'", specifier = "==0.2.0.377349" },
    { name = "ovui", marker = "extra == 'ovui'", specifier = "==0.2.0" },
    { name = "ovui-data-adapters-common", marker = "extra == 'ovui'", git = "https://github.com/NVIDIA-Omniverse/ovui.git?subdirectory=ovui-data-adapters%2Fdist%2Fcommon&rev=a81db103a4d99ff2d75368a444e167889536ff42" },
    { name = "ovui-data-adapters-openusd", marker = "extra == 'ovui'", git = "https://github.com/NVIDIA-Omniverse/ovui.git?subdirectory=ovui-data-adapters%2Fdist%2Fopenusd&rev=a81db103a4d99ff2d75368a444e167889536ff42" },
    { name = "ovui-data-adapters-services", marker = "extra == 'ovui'", git = "https://github.com/NVIDIA-Omniverse/ovui.git?subdirectory=ovui-data-adapters%2Fdist%2Fservices&rev=a81db103a4d99ff2d75368a444e167889536ff42" },
    { name = "ovui-widgets-common", marker = "extra == 'ovui'", git = "https://github.com/NVIDIA-Omniverse/ovui.git?subdirectory=ovui-widgets%2Fdist%2Fcommon&rev=a81db103a4d99ff2d75368a444e167889536ff42" },
    { name = "ovui-widgets-content", marker = "extra == 'ovui'", git = "https://github.com/NVIDIA-Omniverse/ovui.git?subdirectory=ovui-widgets%2Fdist%2Fcontent&rev=a81db103a4d99ff2d75368a444e167889536ff42" },
    { name = "ovui-widgets-property", marker = "extra == 'ovui'", git = "https://github.com/NVIDIA-Omniverse/ovui.git?subdirectory=ovui-widgets%2Fdist%2Fproperty&rev=a81db103a4d99ff2d75368a444e167889536ff42" },
    { name = "ovui-widgets-stage", marker = "extra == 'ovui'", git = "https://github.com/NVIDIA-Omniverse/ovui.git?subdirectory=ovui-widgets%2Fdist%2Fstage&rev=a81db103a4d99ff2d75368a444e167889536ff42" },
    { name = "pillow", specifier = "==12.1.1" },
    { name = "pyside6-essentials", specifier = "==6.8.3" },
    { name = "pytest", marker = "extra == 'dev'", specifier = "==8.4.2" },
    { name = "python-multipart", marker = "extra == 'ovui-qa'", specifier = "==0.0.32" },
    { name = "usd-core", specifier = "==26.8" },
    { name = "uvicorn", marker = "extra == 'ovui-qa'", specifier = "==0.54.0" },
]
provides-extras = ["rtx", "ovui", "dev", "ovui-qa", "mcp"]

[[package]]
name = "openimageio"
version = "3.1.18.0"
source = { registry = "https://pypi.org/simple" }
dependencies = [
    { name = "numpy" },
]
sdist = { url = "https://files.pythonhosted.org/packages/c7/d9/1a7b28a00c0b0a853d676b48efe9d9fc4d5babaae5ae175d743573a37620/openimageio-3.1.18.0.tar.gz", hash = "sha256:50db9e6cc056dfe5cee1f202feb4d6e422531dd21f46632e8af6f5486b479a34", size = 6676003, upload-time = "2026-10-01T06:17:43.902Z" }
wheels = [
    { url = "https://files.pythonhosted.org/packages/3d/6a/ff67a2f7ce8b838665ba9c6b148c5393f2629dc5bf15d81b5b2225495b6b/openimageio-3.1.18.0-cp312-cp312-manylinux_2_27_x86_64.manylinux_2_28_x86_64.whl", hash = "sha256:e63c2829d28b3565d7504bbfaff7f786a5ea9647fdf1295bf724f9b1bdfc8f62", size = 6920595, upload-time = "2026-10-01T06:17:12.976Z" },
]

[[package]]
name = "opentelemetry-api"
version = "1.45.0"
source = { registry = "https://pypi.org/simple" }
dependencies = [
    { name = "typing-extensions" },
]
sdist = { url = "https://files.pythonhosted.org/packages/1f/dc/e12c1fe1ed8a7b7149777127b1a0e12ce5bd5a81d97408bedc2128c260f5/opentelemetry_api-1.45.0.tar.gz", hash = "sha256:711ede81773c8025c2c03dac0450bc89f3d30aea6eabcc815c570d4e35a963f7", size = 72115, upload-time = "2026-09-25T12:32:28.399Z" }
wheels = [
    { url = "https://files.pythonhosted.org/packages/44/b9/040d1a1c7836922828e6480cd2366bb8fe0ebf75b413d2bb51a9b0e7f78f/opentelemetry_api-1.45.0-py3-none-any.whl", hash = "sha256:80e068aba7cd56c8b58512d6a36f8d25cb1dfaa0c0a4cc1c938ccf9f362d9cb3", size = 60020, upload-time = "2026-09-25T12:32:03.192Z" },
]

[[package]]
name = "ovrtx"
version = "0.5.0.377615"
source = { registry = "https://pypi.org/simple" }
sdist = { url = "https://files.pythonhosted.org/packages/30/e6/4b78683684655d06b67bcc0eef83fa58028b897573a5407c864383a5f38c/ovrtx-0.5.0.377615.tar.gz", hash = "sha256:53bd10858b5af64bdb5cd5463ed16f5ad3aebecaae56fa1ee1be1d0297c343db", size = 23080, upload-time = "2026-09-09T01:59:15.718Z" }

[[package]]
name = "ovstage"
version = "0.2.0.377349"
source = { registry = "https://pypi.org/simple" }
wheels = [
    { url = "https://files.pythonhosted.org/packages/81/b7/333b3682da5125b9222ada4a11f2a998b922e005ace0a081c088eda731b2/ovstage-0.2.0.377349-py3-none-manylinux_2_35_x86_64.whl", hash = "sha256:092a34c0054664b90a32c07209647bd02e6f774a705295d8c460813940153f5b", size = 70881630, upload-time = "2026-09-08T20:10:34.164Z" },
]

[[package]]
name = "ovui"
version = "0.2.0"
source = { registry = "https://pypi.org/simple" }
wheels = [
    { url = "https://files.pythonhosted.org/packages/1f/30/e6792479ff7b95e76de0fc088aab2227eb14013cd7d6dafb0ea4b170d37b/ovui-0.2.0-cp312-cp312-manylinux_2_35_x86_64.whl", hash = "sha256:de8656af7c17b1d2ae68726e8b918796da299d3e372a417df3baf1ac6863f07b", size = 20279891, upload-time = "2026-07-22T00:30:49.987Z" },
]

[[package]]
name = "ovui-data-adapters-common"
version = "0.2.0"
source = { git = "https://github.com/NVIDIA-Omniverse/ovui.git?subdirectory=ovui-data-adapters%2Fdist%2Fcommon&rev=a81db103a4d99ff2d75368a444e167889536ff42#a81db103a4d99ff2d75368a444e167889536ff42" }
dependencies = [
    { name = "numpy" },
]

[[package]]
name = "ovui-data-adapters-openusd"
version = "0.2.0"
source = { git = "https://github.com/NVIDIA-Omniverse/ovui.git?subdirectory=ovui-data-adapters%2Fdist%2Fopenusd&rev=a81db103a4d99ff2d75368a444e167889536ff42#a81db103a4d99ff2d75368a444e167889536ff42" }
dependencies = [
    { name = "numpy" },
    { name = "ovui-data-adapters-common" },
]

[[package]]
name = "ovui-data-adapters-services"
version = "0.2.0"
source = { git = "https://github.com/NVIDIA-Omniverse/ovui.git?subdirectory=ovui-data-adapters%2Fdist%2Fservices&rev=a81db103a4d99ff2d75368a444e167889536ff42#a81db103a4d99ff2d75368a444e167889536ff42" }
dependencies = [
    { name = "ovui-data-adapters-common" },
]

[[package]]
name = "ovui-widgets-common"
version = "0.2.0"
source = { git = "https://github.com/NVIDIA-Omniverse/ovui.git?subdirectory=ovui-widgets%2Fdist%2Fcommon&rev=a81db103a4d99ff2d75368a444e167889536ff42#a81db103a4d99ff2d75368a444e167889536ff42" }
dependencies = [
    { name = "ovui" },
    { name = "ovui-data-adapters-common" },
]

[[package]]
name = "ovui-widgets-content"
version = "0.2.0"
source = { git = "https://github.com/NVIDIA-Omniverse/ovui.git?subdirectory=ovui-widgets%2Fdist%2Fcontent&rev=a81db103a4d99ff2d75368a444e167889536ff42#a81db103a4d99ff2d75368a444e167889536ff42" }
dependencies = [
    { name = "ovui-widgets-common" },
]

[[package]]
name = "ovui-widgets-property"
version = "0.2.0"
source = { git = "https://github.com/NVIDIA-Omniverse/ovui.git?subdirectory=ovui-widgets%2Fdist%2Fproperty&rev=a81db103a4d99ff2d75368a444e167889536ff42#a81db103a4d99ff2d75368a444e167889536ff42" }
dependencies = [
    { name = "ovui-data-adapters-common" },
    { name = "ovui-widgets-common" },
]

[[package]]
name = "ovui-widgets-stage"
version = "0.2.0"
source = { git = "https://github.com/NVIDIA-Omniverse/ovui.git?subdirectory=ovui-widgets%2Fdist%2Fstage&rev=a81db103a4d99ff2d75368a444e167889536ff42#a81db103a4d99ff2d75368a444e167889536ff42" }
dependencies = [
    { name = "ovui-data-adapters-common" },
    { name = "ovui-widgets-common" },
]

[[package]]
name = "packaging"
version = "26.3"
source = { registry = "https://pypi.org/simple" }
sdist = { url = "https://files.pythonhosted.org/packages/7d/fa/3944b40b07da9ce895c0e6303a5ab7d53da063554f534556b134a54d6093/packaging-26.3.tar.gz", hash = "sha256:94edc256424af38762eb31306eed28beb9f0efc50a8837492c9d6fd6004aed79", size = 313412, upload-time = "2026-08-04T18:15:28.737Z" }
wheels = [
    { url = "https://files.pythonhosted.org/packages/63/34/ba1c580383c9eada3711951fef0795c80b829a078d72188184bcab9dd527/packaging-26.3-py3-none-any.whl", hash = "sha256:d7193f7c8e4e93f444fde0262bf90af30e16fa0ad0ad44cb553c87339b23cd1c", size = 129956, upload-time = "2026-08-04T18:15:27.159Z" },
]

[[package]]
name = "pillow"
version = "12.1.1"
source = { registry = "https://pypi.org/simple" }
sdist = { url = "https://files.pythonhosted.org/packages/1f/42/5c74462b4fd957fcd7b13b04fb3205ff8349236ea74c7c375766d6c82288/pillow-12.1.1.tar.gz", hash = "sha256:9ad8fa5937ab05218e2b6a4cff30295ad35afd2f83ac592e68c0d871bb0fdbc4", size = 46980264, upload-time = "2026-02-11T04:23:07.146Z" }
wheels = [
    { url = "https://files.pythonhosted.org/packages/07/26/246ab11455b2549b9233dbd44d358d033a2f780fa9007b61a913c5b2d24e/pillow-12.1.1-cp312-cp312-manylinux2014_x86_64.manylinux_2_17_x86_64.whl", hash = "sha256:aee2810642b2898bb187ced9b349e95d2a7272930796e022efaf12e99dccd293", size = 8045012, upload-time = "2026-02-11T04:20:52.882Z" },
    { url = "https://files.pythonhosted.org/packages/ff/79/6df7b2ee763d619cda2fb4fea498e5f79d984dae304d45a8999b80d6cf5c/pillow-12.1.1-cp312-cp312-manylinux_2_27_x86_64.manylinux_2_28_x86_64.whl", hash = "sha256:7aac39bcf8d4770d089588a2e1dd111cbaa42df5a94be3114222057d68336bd0", size = 7041540, upload-time = "2026-02-11T04:20:55.97Z" },
    { url = "https://files.pythonhosted.org/packages/03/03/31216ec124bb5c3dacd74ce8efff4cc7f52643653bad4825f8f08c697743/pillow-12.1.1-cp312-cp312-musllinux_1_2_x86_64.whl", hash = "sha256:339ffdcb7cbeaa08221cd401d517d4b1fe7a9ed5d400e4a8039719238620ca35", size = 7166745, upload-time = "2026-02-11T04:20:59.196Z" },
]

[[package]]
name = "pluggy"
version = "1.6.0"
source = { registry = "https://pypi.org/simple" }
sdist = { url = "https://files.pythonhosted.org/packages/f9/e2/3e91f31a7d2b083fe6ef3fa267035b518369d9511ffab804f839851d2779/pluggy-1.6.0.tar.gz", hash = "sha256:7dcc130b76258d33b90f61b658791dede3486c3e6bfb003ee5c9bfb396dd22f3", size = 69412, upload-time = "2025-05-15T12:30:07.975Z" }
wheels = [
    { url = "https://files.pythonhosted.org/packages/54/20/4d324d65cc6d9205fabedc306948156824eb9f0ee1633355a8f7ec5c66bf/pluggy-1.6.0-py3-none-any.whl", hash = "sha256:e920276dd6813095e9377c0bc5566d94c932c33b27a3e3945d8389c374dd4746", size = 20538, upload-time = "2025-05-15T12:30:06.134Z" },
]

[[package]]
name = "pycparser"
version = "3.0"
source = { registry = "https://pypi.org/simple" }
sdist = { url = "https://files.pythonhosted.org/packages/1b/7d/92392ff7815c21062bea51aa7b87d45576f649f16458d78b7cf94b9ab2e6/pycparser-3.0.tar.gz", hash = "sha256:600f49d217304a5902ac3c37e1281c9fe94e4d0489de643a9504c5cdfdfc6b29", size = 103492, upload-time = "2026-01-21T14:26:51.89Z" }
wheels = [
    { url = "https://files.pythonhosted.org/packages/0c/c3/44f3fbbfa403ea2a7c779186dc20772604442dde72947e7d01069cbe98e3/pycparser-3.0-py3-none-any.whl", hash = "sha256:b727414169a36b7d524c1c3e31839a521725078d7b2ff038656844266160a992", size = 48172, upload-time = "2026-01-21T14:26:50.693Z" },
]

[[package]]
name = "pydantic"
version = "2.13.5"
source = { registry = "https://pypi.org/simple" }
dependencies = [
    { name = "annotated-types" },
    { name = "pydantic-core" },
    { name = "typing-extensions" },
    { name = "typing-inspection" },
]
sdist = { url = "https://files.pythonhosted.org/packages/53/ef/fc4f868f4e2cee79f863883abffceff107875f569b848507319842d2a681/pydantic-2.13.5.tar.gz", hash = "sha256:51a9c5f7b2f8e636f04c6cada605d9b6a3bf1348fdf945a3d8869b19bba0ee08", size = 845750, upload-time = "2026-08-28T14:04:00.916Z" }
wheels = [
    { url = "https://files.pythonhosted.org/packages/eb/47/c95ffc2009878c7aac0c5e08528022dcb885933252a88b5f170058014464/pydantic-2.13.5-py3-none-any.whl", hash = "sha256:346a034f080da3755d8e9cb5e00e8b07de1d39e4f6e2c87d8ab7cafa0b269a73", size = 472589, upload-time = "2026-08-28T14:03:59.136Z" },
]

[[package]]
name = "pydantic-core"
version = "2.46.5"
source = { registry = "https://pypi.org/simple" }
dependencies = [
    { name = "typing-extensions" },
]
sdist = { url = "https://files.pythonhosted.org/packages/af/f9/8a06bea35ef8daf588f707784c973a7046e0034c8d8cfb08828eeffb8b75/pydantic_core-2.46.5.tar.gz", hash = "sha256:10416c15b8839ecc4ef4d0885da76da6fd0f67333a0eb8aff6d93c4b8f2910fc", size = 472262, upload-time = "2026-08-28T10:01:31.677Z" }
wheels = [
    { url = "https://files.pythonhosted.org/packages/c0/a4/eb9409ec0736e50aa70a412f16c204ed149516846912f7e6724d4c73ee53/pydantic_core-2.46.5-cp312-cp312-manylinux_2_17_x86_64.manylinux2014_x86_64.whl", hash = "sha256:0fc5be0abd4a407e200d844b404e33639a554e7bd0d448e7b9ae181be4789ac2", size = 2066284, upload-time = "2026-08-28T09:58:32.289Z" },
    { url = "https://files.pythonhosted.org/packages/ce/52/39fa1f451486019524ca685020390e7ca351832fd874530ba30c8628e6dc/pydantic_core-2.46.5-cp312-cp312-musllinux_1_1_x86_64.whl", hash = "sha256:18a09e1e1011b462f2e32774f25859ef1223d5c2b0546a633cf56654710721e0", size = 2342618, upload-time = "2026-08-28T09:58:40.89Z" },
    { url = "https://files.pythonhosted.org/packages/fa/04/c81d4841331c2178b6fb09ae225425e110ed72d990c9fe556c4ec03d1013/pydantic_core-2.46.5-graalpy312-graalpy250_312_native-manylinux_2_17_x86_64.manylinux2014_x86_64.whl", hash = "sha256:8e24d8f05fa2d28513d94e877e9c75ad66175376209b3977f916e240e623193c", size = 2111034, upload-time = "2026-08-28T10:01:07.345Z" },
]

[[package]]
name = "pydantic-settings"
version = "2.15.0"
source = { registry = "https://pypi.org/simple" }
dependencies = [
    { name = "pydantic" },
    { name = "python-dotenv" },
    { name = "typing-inspection" },
]
sdist = { url = "https://files.pythonhosted.org/packages/68/ca/31c57507b13119d7d3cfa1576dad2911a4861e3be07b579395f4e9d393f9/pydantic_settings-2.15.0.tar.gz", hash = "sha256:694b793e84f766ba76a90ebdefc01d0a9a045dab0382bee70393da93712ad117", size = 261253, upload-time = "2026-08-07T09:24:57.419Z" }
wheels = [
    { url = "https://files.pythonhosted.org/packages/30/a4/2bffa9f8e804325a09867f0e9d30795c80ea9f8d62560bd1b6ad6220eb2f/pydantic_settings-2.15.0-py3-none-any.whl", hash = "sha256:0ba092c291c94baceb5eff768aa0d56400a457585bc0175925a5a5510303da42", size = 69413, upload-time = "2026-08-07T09:24:55.839Z" },
]

[[package]]
name = "pygments"
version = "2.21.0"
source = { registry = "https://pypi.org/simple" }
sdist = { url = "https://files.pythonhosted.org/packages/49/2e/ced460408999b33da6b31b0021b0f37d329e202d4169aeb164493778f25b/pygments-2.21.0.tar.gz", hash = "sha256:610ca751c9bc2492b38eb9a38a7fbc93edbbb2d7182edaf34e66ae493dee5c8c", size = 5005329, upload-time = "2026-08-17T08:02:48.824Z" }
wheels = [
    { url = "https://files.pythonhosted.org/packages/71/46/17f022dd3e953bf20a04a028a21ec746d942f8d2af30fa0f124fa0e6a684/pygments-2.21.0-py3-none-any.whl", hash = "sha256:2363c69b61c4a97c838da3b130dcd6468f4848992b21a82f2a63ec34377137d9", size = 1250147, upload-time = "2026-08-17T08:02:44.912Z" },
]

[[package]]
name = "pyjwt"
version = "2.15.1"
source = { registry = "https://pypi.org/simple" }
sdist = { url = "https://files.pythonhosted.org/packages/43/ea/5194e52748b0da83d71e082d75496eaec6e58f419f5e184786ded517e6a9/pyjwt-2.15.1.tar.gz", hash = "sha256:4f259e80cdfb6b3fc18a7de51fd1ef9ec79652f25019bae68975ca2468a34df8", size = 121252, upload-time = "2026-09-28T18:40:42.598Z" }
wheels = [
    { url = "https://files.pythonhosted.org/packages/50/ca/44de4e75f8aadc457f0634be3b542815078ded46dca30efb960edeecad6e/pyjwt-2.15.1-py3-none-any.whl", hash = "sha256:42d59d631f7768a1028a64c7ff581a9bf7519804daf91fc5b6c56e30eec5e193", size = 33860, upload-time = "2026-09-28T18:40:41.429Z" },
]

[package.optional-dependencies]
crypto = [
    { name = "cryptography" },
]

[[package]]
name = "pyside6-essentials"
version = "6.8.3"
source = { registry = "https://pypi.org/simple" }
dependencies = [
    { name = "shiboken6" },
]
wheels = [
    { url = "https://files.pythonhosted.org/packages/f0/b2/3205336262bf88d57f01503df81ede2a0b1eecbb2a7d58978a5e5625f7c1/PySide6_Essentials-6.8.3-cp39-abi3-manylinux_2_28_x86_64.whl", hash = "sha256:fd57fa0c886ef99b3844173322c0023ec77cc946a0c9a0cdfbc2ac5c511053c1", size = 95088226, upload-time = "2025-03-27T12:14:25.965Z" },
]

[[package]]
name = "pytest"
version = "8.4.2"
source = { registry = "https://pypi.org/simple" }
dependencies = [
    { name = "iniconfig" },
    { name = "packaging" },
    { name = "pluggy" },
    { name = "pygments" },
]
sdist = { url = "https://files.pythonhosted.org/packages/a3/5c/00a0e072241553e1a7496d638deababa67c5058571567b92a7eaa258397c/pytest-8.4.2.tar.gz", hash = "sha256:86c0d0b93306b961d58d62a4db4879f27fe25513d4b969df351abdddb3c30e01", size = 1519618, upload-time = "2025-09-04T14:34:22.711Z" }
wheels = [
    { url = "https://files.pythonhosted.org/packages/a8/a4/20da314d277121d6534b3a980b29035dcd51e6744bd79075a6ce8fa4eb8d/pytest-8.4.2-py3-none-any.whl", hash = "sha256:872f880de3fc3a5bdc88a11b39c9710c3497a547cfa9320bc3c5e62fbf272e79", size = 365750, upload-time = "2025-09-04T14:34:20.226Z" },
]

[[package]]
name = "python-dotenv"
version = "1.2.4"
source = { registry = "https://pypi.org/simple" }
sdist = { url = "https://files.pythonhosted.org/packages/74/26/2fbeedb218a787a5eea551c7532cac4e009f83d689dd2faa0d0353473f86/python_dotenv-1.2.4.tar.gz", hash = "sha256:f0d53e69935a851c0dcc78f3ab7aaccd8cabef0b92382b576b824212902873c0", size = 60824, upload-time = "2026-10-01T05:36:10Z" }
wheels = [
    { url = "https://files.pythonhosted.org/packages/60/d1/38f3a3405989a89ac18390803e70c6ad7c7760da4f9b83cbeca0c44a0c72/python_dotenv-1.2.4-py3-none-any.whl", hash = "sha256:42269a8a5b3fd54ffa6f3d84b18abed50064717576b4ecf03dc4a55d8aa04fdc", size = 23266, upload-time = "2026-10-01T05:36:08.633Z" },
]

[[package]]
name = "python-multipart"
version = "0.0.32"
source = { registry = "https://pypi.org/simple" }
sdist = { url = "https://files.pythonhosted.org/packages/5b/42/55c32bb9b12693c092ad250a0e82edb5b31ddeda6eb772de5f308b3804ad/python_multipart-0.0.32.tar.gz", hash = "sha256:be54b7f3fa167bb83e4fcd936b887b708f4e57fe75911c02aebf53efaf8d938e", size = 46881, upload-time = "2026-06-04T16:18:58.647Z" }
wheels = [
    { url = "https://files.pythonhosted.org/packages/e1/04/e8135ebd1ad02c56ec633277529b2602ff99ff634be76cdba5744cf554fd/python_multipart-0.0.32-py3-none-any.whl", hash = "sha256:ff6d3f776f16878c894e52e107296ffc890e913c611b1a4ec6c44e2821fe2e23", size = 30042, upload-time = "2026-06-04T16:18:57.319Z" },
]

[[package]]
name = "referencing"
version = "0.37.0"
source = { registry = "https://pypi.org/simple" }
dependencies = [
    { name = "attrs" },
    { name = "rpds-py" },
    { name = "typing-extensions" },
]
sdist = { url = "https://files.pythonhosted.org/packages/22/f5/df4e9027acead3ecc63e50fe1e36aca1523e1719559c499951bb4b53188f/referencing-0.37.0.tar.gz", hash = "sha256:44aefc3142c5b842538163acb373e24cce6632bd54bdb01b21ad5863489f50d8", size = 78036, upload-time = "2025-10-13T15:30:48.871Z" }
wheels = [
    { url = "https://files.pythonhosted.org/packages/2c/58/ca301544e1fa93ed4f80d724bf5b194f6e4b945841c5bfd555878eea9fcb/referencing-0.37.0-py3-none-any.whl", hash = "sha256:381329a9f99628c9069361716891d34ad94af76e461dcb0335825aecc7692231", size = 26766, upload-time = "2025-10-13T15:30:47.625Z" },
]

[[package]]
name = "rpds-py"
version = "2026.6.3"
source = { registry = "https://pypi.org/simple" }
sdist = { url = "https://files.pythonhosted.org/packages/aa/2a/9618a122aeb2a169a28b03889a2995fe297588964333d4a7d67bdf46e147/rpds_py-2026.6.3.tar.gz", hash = "sha256:1cebd1337c242e4ec2293e541f712b2da849b29f48f0c293684b71c0632625d4", size = 64051, upload-time = "2026-06-30T07:17:53.009Z" }
wheels = [
    { url = "https://files.pythonhosted.org/packages/04/8f/d2f3f532616be4d06c316ef119683e832bd3d41e112bf3a88f4151c95b17/rpds_py-2026.6.3-cp312-cp312-manylinux_2_17_x86_64.manylinux2014_x86_64.whl", hash = "sha256:ecabd69db66de867690f9797f2f8fa27ba501bbc24540cbdbdc649cd15888ba6", size = 366189, upload-time = "2026-06-30T07:15:23.371Z" },
    { url = "https://files.pythonhosted.org/packages/f1/31/774212ed989c62f7f310220089f9b0a3fb8f40f5443d1727abd5d9f52bc9/rpds_py-2026.6.3-cp312-cp312-musllinux_1_2_x86_64.whl", hash = "sha256:a214c993455f99a89aaeadc9b21241900037adc9d97203e374d75513c5911822", size = 573030, upload-time = "2026-06-30T07:15:30.553Z" },
]

[[package]]
name = "shiboken6"
version = "6.8.3"
source = { registry = "https://pypi.org/simple" }
wheels = [
    { url = "https://files.pythonhosted.org/packages/76/a1/f1958c9d00176044ab00464cd89b6969ef3a7d2ed12d316ff1eda3dec88f/shiboken6-6.8.3-cp39-abi3-manylinux_2_28_x86_64.whl", hash = "sha256:295a003466ca2cccf6660e2f2ceb5e6cef4af192a48a196a32d46b6f0c9ec5cb", size = 204730, upload-time = "2025-03-27T12:07:29.773Z" },
]

[[package]]
name = "sse-starlette"
version = "3.5.0"
source = { registry = "https://pypi.org/simple" }
dependencies = [
    { name = "anyio" },
    { name = "starlette" },
]
sdist = { url = "https://files.pythonhosted.org/packages/e4/be/0123026f719d1a7936f214a88b553bb5701e04ff2511147c1dab0c5035eb/sse_starlette-3.5.0.tar.gz", hash = "sha256:75de713aa8a9441513cc283220826da079d982770965b951e9437720e8bafdb2", size = 36794, upload-time = "2026-09-28T17:48:14.7Z" }
wheels = [
    { url = "https://files.pythonhosted.org/packages/be/e4/cdda14023c316d71493bc54fdffc3dd006631b88866145c9d3cc33e0f1df/sse_starlette-3.5.0-py3-none-any.whl", hash = "sha256:3e6e1070df3f0f5d9cea81496de92dbb72f6721871d99748ece67441dd8b7997", size = 17407, upload-time = "2026-09-28T17:48:13.228Z" },
]

[[package]]
name = "starlette"
version = "1.7.0"
source = { registry = "https://pypi.org/simple" }
dependencies = [
    { name = "anyio" },
    { name = "typing-extensions" },
]
sdist = { url = "https://files.pythonhosted.org/packages/7b/2b/3850dc6bf7ef71b088962eba31dafc6cffd2f96e577ebb0bb316df96da3e/starlette-1.7.0.tar.gz", hash = "sha256:c79f74ea63cff761804fbbfb182f1e0b440c2d07b164d24700c5a1bab5d6ff5d", size = 2736246, upload-time = "2026-09-23T07:30:26.35Z" }
wheels = [
    { url = "https://files.pythonhosted.org/packages/4e/d6/1ec1b290f9e0fb067899b61e1d37a30c923068bad260b216dbe37a7d2967/starlette-1.7.0-py3-none-any.whl", hash = "sha256:67f8e99895493dd2911a03f11314af6ceebeae4e704bb9f43dfc6a9db151c93e", size = 78980, upload-time = "2026-09-23T07:30:24.567Z" },
]

[[package]]
name = "typing-extensions"
version = "4.16.0"
source = { registry = "https://pypi.org/simple" }
sdist = { url = "https://files.pythonhosted.org/packages/f6/cc/6253133b5bb138fc3306cebfbda2c520f545d36b5be2c7255cc528bb45d6/typing_extensions-4.16.0.tar.gz", hash = "sha256:dc983d19a509c94dba722ee6abd33940f7c05a89e243c47e907eb4db6f1a43e5", size = 113555, upload-time = "2026-07-02T08:40:05.92Z" }
wheels = [
    { url = "https://files.pythonhosted.org/packages/49/d3/b8441a820a491ddfc024b0b0cf0393375b75ea13866d9c66727e54c2fc80/typing_extensions-4.16.0-py3-none-any.whl", hash = "sha256:481caa481374e813c1b176ada14e97f1f67a4539ce9cfeb3f350d78d6370c2e8", size = 45571, upload-time = "2026-07-02T08:40:04.659Z" },
]

[[package]]
name = "typing-inspection"
version = "0.4.4"
source = { registry = "https://pypi.org/simple" }
dependencies = [
    { name = "typing-extensions" },
]
sdist = { url = "https://files.pythonhosted.org/packages/a3/26/b09b8010994eccc3c09092e6b34058f36a460eea2d4c3e8b910c695975a0/typing_inspection-0.4.4.tar.gz", hash = "sha256:547274fa6b0a561ccf549cc9524b999a578e737d015d8709d021f9d0d13bea47", size = 76928, upload-time = "2026-08-12T12:37:25.997Z" }
wheels = [
    { url = "https://files.pythonhosted.org/packages/67/81/4add07e5172b7ac40d8ed5ff580409a7801a4fe26d529bdd915401dabfbe/typing_inspection-0.4.4-py3-none-any.whl", hash = "sha256:65b8397ba37ccbce054456aaccddfc91e6e3083c92824df348d96ca832f3f147", size = 14750, upload-time = "2026-08-12T12:37:24.648Z" },
]

[[package]]
name = "usd-core"
version = "26.8"
source = { registry = "https://pypi.org/simple" }
wheels = [
    { url = "https://files.pythonhosted.org/packages/19/0b/efe5c0d7c273149ac94083831e5b36649925a621a73cd2ddf9616e160c8c/usd_core-26.8-cp312-none-manylinux_2_27_x86_64.manylinux_2_28_x86_64.whl", hash = "sha256:204fb1ef1fc977b827c491f4e9fa39b57518504ed0cacfe12e026e95123cacf1", size = 29530957, upload-time = "2026-07-20T14:32:24.255Z" },
]

[[package]]
name = "uvicorn"
version = "0.54.0"
source = { registry = "https://pypi.org/simple" }
dependencies = [
    { name = "click" },
    { name = "h11" },
]
sdist = { url = "https://files.pythonhosted.org/packages/da/34/30e9280707135d2cfc589dfff3cb796bd07a3aeb1a3e415ba09dd89d7bb4/uvicorn-0.54.0.tar.gz", hash = "sha256:a2e33cbfaa0306f8e6b0c13e0cb89d7d7a2da3e62b90c66e18c33d9807b28620", size = 112283, upload-time = "2026-09-25T06:52:37.601Z" }
wheels = [
    { url = "https://files.pythonhosted.org/packages/38/0c/b54a4fdd7f90a3af8b02ebc9ce6712c2c208b7926a2f7bad95c33ebbe943/uvicorn-0.54.0-py3-none-any.whl", hash = "sha256:505bdb0f318731d45f1f712071fc781a8981f6847a31c902c9f5e652d4f67faf", size = 87427, upload-time = "2026-09-25T06:52:35.829Z" },
]
